# This file is automatically @generated by Cargo.
# It is not intended for manual editing.
version = 4

[[package]]
name = "dsl_runtime"
version = "0.1.0"
dependencies = [
 "dsl_syntax",
 "serde_json",
]

[[package]]
name = "dsl_syntax"
version = "0.1.0"

[[package]]
name = "dsl_wasm"
version = "0.1.0"
dependencies = [
 "dsl_runtime",
 "serde_json",
]

[[package]]
name = "serde_json"
version = "1.0.0"
